{
  "lockfileVersion": 1,
  "workspaces": {
    "": {
      "name": "gm-kind",
      "dependencies": {
        "@everyprotocol/kind-as": "^0.1.2",
      },
    },
  },
  "packages": {
    "@everyprotocol/kind-as": ["@everyprotocol/kind-as@0.1.2", "", { "bin": { "kasc": "bin/index.js" } }, "sha512-hE8LTE2m9vtxovX9AKCO7TZIVTfneSDq04CJZ0Osh7f/MXDZDQsqFhNhrn4cwgy2Do5amMeGJPNFxOF1Lv2GSA=="],
  }
}
