{
  "lockfileVersion": 1,
  "workspaces": {
    "": {
      "name": "gm-kind",
      "dependencies": {
        "@everyprotocol/kind-as": "^0.1.2",
      },
    },
  },
  "packages": {
    "@everyprotocol/kind-as": ["@everyprotocol/kind-as@0.1.4", "", { "bin": { "kasc": "bin/index.js" } }, "sha512-8jqxvp8BAs/YvJSUyL/dZL5wRQOur3bExrPeR1JZhEhofKF8O7p84DxT3GApiMFjvd0HwqGWMgDvsNsj7a2XSg=="],
  }
}
